
Microsoft Visual Studio Solution File, Format Version 12.00
# Visual Studio 15
VisualStudioVersion = 15.0.26730.12
MinimumVisualStudioVersion = 10.0.40219.1
Project("{FAE04EC0-301F-11D3-BF4B-00C04F79EFBC}") = "EpicSpiesAssetTracker", "EpicSpiesAssetTracker\EpicSpiesAssetTracker.csproj", "{5A65F4C3-EB31-48DD-843D-81FFE00871EC}"
EndProject
Global
	GlobalSection(SolutionConfigurationPlatforms) = preSolution
		Debug|Any CPU = Debug|Any CPU
		Release|Any CPU = Release|Any CPU
	EndGlobalSection
	GlobalSection(ProjectConfigurationPlatforms) = postSolution
		{5A65F4C3-EB31-48DD-843D-81FFE00871EC}.Debug|Any CPU.ActiveCfg = Debug|Any CPU
		{5A65F4C3-EB31-48DD-843D-81FFE00871EC}.Debug|Any CPU.Build.0 = Debug|Any CPU
		{5A65F4C3-EB31-48DD-843D-81FFE00871EC}.Release|Any CPU.ActiveCfg = Release|Any CPU
		{5A65F4C3-EB31-48DD-843D-81FFE00871EC}.Release|Any CPU.Build.0 = Release|Any CPU
	EndGlobalSection
	GlobalSection(SolutionProperties) = preSolution
		HideSolutionNode = FALSE
	EndGlobalSection
	GlobalSection(ExtensibilityGlobals) = postSolution
		SolutionGuid = {E983C90C-8D98-432B-85E1-3CB319D1B6A8}
	EndGlobalSection
EndGlobal
