
Microsoft Visual Studio Solution File, Format Version 12.00
# Visual Studio 15
VisualStudioVersion = 15.0.26730.12
MinimumVisualStudioVersion = 10.0.40219.1
Project("{FAE04EC0-301F-11D3-BF4B-00C04F79EFBC}") = "WebApplication1", "WebApplication1\WebApplication1.csproj", "{B3B00415-8E9E-4E31-98AB-FED60547CBDC}"
EndProject
Global
	GlobalSection(SolutionConfigurationPlatforms) = preSolution
		Debug|Any CPU = Debug|Any CPU
		Release|Any CPU = Release|Any CPU
	EndGlobalSection
	GlobalSection(ProjectConfigurationPlatforms) = postSolution
		{B3B00415-8E9E-4E31-98AB-FED60547CBDC}.Debug|Any CPU.ActiveCfg = Debug|Any CPU
		{B3B00415-8E9E-4E31-98AB-FED60547CBDC}.Debug|Any CPU.Build.0 = Debug|Any CPU
		{B3B00415-8E9E-4E31-98AB-FED60547CBDC}.Release|Any CPU.ActiveCfg = Release|Any CPU
		{B3B00415-8E9E-4E31-98AB-FED60547CBDC}.Release|Any CPU.Build.0 = Release|Any CPU
	EndGlobalSection
	GlobalSection(SolutionProperties) = preSolution
		HideSolutionNode = FALSE
	EndGlobalSection
	GlobalSection(ExtensibilityGlobals) = postSolution
		SolutionGuid = {2B61E532-BEAD-491F-8218-48F309D11775}
	EndGlobalSection
EndGlobal
