
Microsoft Visual Studio Solution File, Format Version 12.00
# Visual Studio 15
VisualStudioVersion = 15.0.26730.12
MinimumVisualStudioVersion = 10.0.40219.1
Project("{FAE04EC0-301F-11D3-BF4B-00C04F79EFBC}") = "MyFirstChallenge", "MyFirstChallenge\MyFirstChallenge.csproj", "{EEF4B51E-2010-40C7-80BA-9E302538DBF0}"
EndProject
Global
	GlobalSection(SolutionConfigurationPlatforms) = preSolution
		Debug|Any CPU = Debug|Any CPU
		Release|Any CPU = Release|Any CPU
	EndGlobalSection
	GlobalSection(ProjectConfigurationPlatforms) = postSolution
		{EEF4B51E-2010-40C7-80BA-9E302538DBF0}.Debug|Any CPU.ActiveCfg = Debug|Any CPU
		{EEF4B51E-2010-40C7-80BA-9E302538DBF0}.Debug|Any CPU.Build.0 = Debug|Any CPU
		{EEF4B51E-2010-40C7-80BA-9E302538DBF0}.Release|Any CPU.ActiveCfg = Release|Any CPU
		{EEF4B51E-2010-40C7-80BA-9E302538DBF0}.Release|Any CPU.Build.0 = Release|Any CPU
	EndGlobalSection
	GlobalSection(SolutionProperties) = preSolution
		HideSolutionNode = FALSE
	EndGlobalSection
	GlobalSection(ExtensibilityGlobals) = postSolution
		SolutionGuid = {6DB6D9F5-A3D7-4EC9-B6C4-76750DE7BDBB}
	EndGlobalSection
EndGlobal
